
Microsoft Visual Studio Solution File, Format Version 12.00
# Visual Studio Version 17
VisualStudioVersion = 17.14.36212.18 d17.14
MinimumVisualStudioVersion = 10.0.40219.1
Project("{FAE04EC0-301F-11D3-BF4B-00C04F79EFBC}") = "OrderMatchingLib", "OrderMatchingLib\OrderMatchingLib.csproj", "{BAF92DAD-BBA1-D761-41EC-EF09C6DCE4E2}"
EndProject
Project("{FAE04EC0-301F-11D3-BF4B-00C04F79EFBC}") = "OrderMatchingTest", "OrderMatchingTest\OrderMatchingTest.csproj", "{4F351E4B-6586-F759-4944-D46E242957D1}"
EndProject
Project("{FAE04EC0-301F-11D3-BF4B-00C04F79EFBC}") = "ConsoleApp", "ConsoleApp\ConsoleApp.csproj", "{1D21FA9D-A426-5144-AD0F-524F9D7A515C}"
EndProject
Global
	GlobalSection(SolutionConfigurationPlatforms) = preSolution
		Debug|Any CPU = Debug|Any CPU
		Release|Any CPU = Release|Any CPU
	EndGlobalSection
	GlobalSection(ProjectConfigurationPlatforms) = postSolution
		{BAF92DAD-BBA1-D761-41EC-EF09C6DCE4E2}.Debug|Any CPU.ActiveCfg = Debug|Any CPU
		{BAF92DAD-BBA1-D761-41EC-EF09C6DCE4E2}.Debug|Any CPU.Build.0 = Debug|Any CPU
		{BAF92DAD-BBA1-D761-41EC-EF09C6DCE4E2}.Release|Any CPU.ActiveCfg = Release|Any CPU
		{BAF92DAD-BBA1-D761-41EC-EF09C6DCE4E2}.Release|Any CPU.Build.0 = Release|Any CPU
		{4F351E4B-6586-F759-4944-D46E242957D1}.Debug|Any CPU.ActiveCfg = Debug|Any CPU
		{4F351E4B-6586-F759-4944-D46E242957D1}.Debug|Any CPU.Build.0 = Debug|Any CPU
		{4F351E4B-6586-F759-4944-D46E242957D1}.Release|Any CPU.ActiveCfg = Release|Any CPU
		{4F351E4B-6586-F759-4944-D46E242957D1}.Release|Any CPU.Build.0 = Release|Any CPU
		{1D21FA9D-A426-5144-AD0F-524F9D7A515C}.Debug|Any CPU.ActiveCfg = Debug|Any CPU
		{1D21FA9D-A426-5144-AD0F-524F9D7A515C}.Debug|Any CPU.Build.0 = Debug|Any CPU
		{1D21FA9D-A426-5144-AD0F-524F9D7A515C}.Release|Any CPU.ActiveCfg = Release|Any CPU
		{1D21FA9D-A426-5144-AD0F-524F9D7A515C}.Release|Any CPU.Build.0 = Release|Any CPU
	EndGlobalSection
	GlobalSection(SolutionProperties) = preSolution
		HideSolutionNode = FALSE
	EndGlobalSection
	GlobalSection(ExtensibilityGlobals) = postSolution
		SolutionGuid = {A9C0D332-28EF-4317-A9C9-CA784BDDC209}
	EndGlobalSection
EndGlobal
